
Microsoft Visual Studio Solution File, Format Version 12.00
# Visual Studio Version 17
VisualStudioVersion = 17.8.34525.116
MinimumVisualStudioVersion = 10.0.40219.1
Project("{FAE04EC0-301F-11D3-BF4B-00C04F79EFBC}") = "FindMe", "FindMe\FindMe.csproj", "{A9568B76-0C75-4771-8AF0-1D93E19F2614}"
EndProject
Global
	GlobalSection(SolutionConfigurationPlatforms) = preSolution
		Debug|Any CPU = Debug|Any CPU
		Release|Any CPU = Release|Any CPU
	EndGlobalSection
	GlobalSection(ProjectConfigurationPlatforms) = postSolution
		{A9568B76-0C75-4771-8AF0-1D93E19F2614}.Debug|Any CPU.ActiveCfg = Debug|Any CPU
		{A9568B76-0C75-4771-8AF0-1D93E19F2614}.Debug|Any CPU.Build.0 = Debug|Any CPU
		{A9568B76-0C75-4771-8AF0-1D93E19F2614}.Debug|Any CPU.Deploy.0 = Debug|Any CPU
		{A9568B76-0C75-4771-8AF0-1D93E19F2614}.Release|Any CPU.ActiveCfg = Release|Any CPU
		{A9568B76-0C75-4771-8AF0-1D93E19F2614}.Release|Any CPU.Build.0 = Release|Any CPU
		{A9568B76-0C75-4771-8AF0-1D93E19F2614}.Release|Any CPU.Deploy.0 = Release|Any CPU
	EndGlobalSection
	GlobalSection(SolutionProperties) = preSolution
		HideSolutionNode = FALSE
	EndGlobalSection
	GlobalSection(ExtensibilityGlobals) = postSolution
		SolutionGuid = {340782B8-BA24-4348-BA5B-B43C0D6225DF}
	EndGlobalSection
EndGlobal
